
Microsoft Visual Studio Solution File, Format Version 12.00
# Visual Studio 2013
VisualStudioVersion = 12.0.30723.0
MinimumVisualStudioVersion = 10.0.40219.1
Project("{FAE04EC0-301F-11D3-BF4B-00C04F79EFBC}") = "Artifact_Express", "Artifact_Express\Artifact_Express.csproj", "{70DD22C5-B62D-499E-B201-F2E7F41A7643}"
EndProject
Project("{2150E333-8FDC-42A3-9474-1A3956D46DE8}") = "PublishScripts", "PublishScripts", "{7A032A90-0C50-4B63-90FC-9704BC2E2289}"
	ProjectSection(SolutionItems) = preProject
		PublishScripts\AzureWebsitePublishModule.psm1 = PublishScripts\AzureWebsitePublishModule.psm1
		PublishScripts\Publish-WebApplicationWebsite.ps1 = PublishScripts\Publish-WebApplicationWebsite.ps1
	EndProjectSection
EndProject
Project("{2150E333-8FDC-42A3-9474-1A3956D46DE8}") = "Configurations", "Configurations", "{CBC34AA8-8A8F-4E78-B26D-6F0338AA81B6}"
	ProjectSection(SolutionItems) = preProject
		PublishScripts\Configurations\ArtifactExpress-WAWS-dev.json = PublishScripts\Configurations\ArtifactExpress-WAWS-dev.json
	EndProjectSection
EndProject
Global
	GlobalSection(SolutionConfigurationPlatforms) = preSolution
		Debug|Any CPU = Debug|Any CPU
		Release|Any CPU = Release|Any CPU
	EndGlobalSection
	GlobalSection(ProjectConfigurationPlatforms) = postSolution
		{70DD22C5-B62D-499E-B201-F2E7F41A7643}.Debug|Any CPU.ActiveCfg = Debug|Any CPU
		{70DD22C5-B62D-499E-B201-F2E7F41A7643}.Debug|Any CPU.Build.0 = Debug|Any CPU
		{70DD22C5-B62D-499E-B201-F2E7F41A7643}.Release|Any CPU.ActiveCfg = Release|Any CPU
		{70DD22C5-B62D-499E-B201-F2E7F41A7643}.Release|Any CPU.Build.0 = Release|Any CPU
	EndGlobalSection
	GlobalSection(SolutionProperties) = preSolution
		HideSolutionNode = FALSE
	EndGlobalSection
	GlobalSection(NestedProjects) = preSolution
		{CBC34AA8-8A8F-4E78-B26D-6F0338AA81B6} = {7A032A90-0C50-4B63-90FC-9704BC2E2289}
	EndGlobalSection
EndGlobal
